// !$*UTF8*$!
{
	archiveVersion = 1;
	classes = {
	};
	objectVersion = 50;
	objects = {

/* Begin PBXBuildFile section */
		512657442468B62B003367FE /* SettingsViewController.swift in Sources */ = {isa = PBXBuildFile; fileRef = 512657432468B62B003367FE /* SettingsViewController.swift */; };
		EACD1D4723D9329D00ECCDD5 /* AppDelegate.swift in Sources */ = {isa = PBXBuildFile; fileRef = EACD1D4623D9329D00ECCDD5 /* AppDelegate.swift */; };
		EACD1D4923D9329D00ECCDD5 /* SceneDelegate.swift in Sources */ = {isa = PBXBuildFile; fileRef = EACD1D4823D9329D00ECCDD5 /* SceneDelegate.swift */; };
		EACD1D4B23D9329D00ECCDD5 /* ViewController.swift in Sources */ = {isa = PBXBuildFile; fileRef = EACD1D4A23D9329D00ECCDD5 /* ViewController.swift */; };
		EACD1D4E23D9329D00ECCDD5 /* Main.storyboard in Resources */ = {isa = PBXBuildFile; fileRef = EACD1D4C23D9329D00ECCDD5 /* Main.storyboard */; };
		EACD1D5023D932A700ECCDD5 /* Assets.xcassets in Resources */ = {isa = PBXBuildFile; fileRef = EACD1D4F23D932A700ECCDD5 /* Assets.xcassets */; };
		EACD1D5323D932A700ECCDD5 /* LaunchScreen.storyboard in Resources */ = {isa = PBXBuildFile; fileRef = EACD1D5123D932A700ECCDD5 /* LaunchScreen.storyboard */; };
		EACD1D5E23D932A700ECCDD5 /* Tip_CalculatorTests.swift in Sources */ = {isa = PBXBuildFile; fileRef = EACD1D5D23D932A700ECCDD5 /* Tip_CalculatorTests.swift */; };
		EACD1D6923D932A700ECCDD5 /* Tip_CalculatorUITests.swift in Sources */ = {isa = PBXBuildFile; fileRef = EACD1D6823D932A700ECCDD5 /* Tip_CalculatorUITests.swift */; };
/* End PBXBuildFile section */

/* Begin PBXContainerItemProxy section */
		EACD1D5A23D932A700ECCDD5 /* PBXContainerItemProxy */ = {
			isa = PBXContainerItemProxy;
			containerPortal = EACD1D3B23D9329C00ECCDD5 /* Project object */;
			proxyType = 1;
			remoteGlobalIDString = EACD1D4223D9329D00ECCDD5;
			remoteInfo = "Tip Calculator";
		};
		EACD1D6523D932A700ECCDD5 /* PBXContainerItemProxy */ = {
			isa = PBXContainerItemProxy;
			containerPortal = EACD1D3B23D9329C00ECCDD5 /* Project object */;
			proxyType = 1;
			remoteGlobalIDString = EACD1D4223D9329D00ECCDD5;
			remoteInfo = "Tip Calculator";
		};
/* End PBXContainerItemProxy section */

/* Begin PBXFileReference section */
		512657432468B62B003367FE /* SettingsViewController.swift */ = {isa = PBXFileReference; lastKnownFileType = sourcecode.swift; path = SettingsViewController.swift; sourceTree = "<group>"; };
		EACD1D4323D9329D00ECCDD5 /* Tip Calculator.app */ = {isa = PBXFileReference; explicitFileType = wrapper.application; includeInIndex = 0; path = "Tip Calculator.app"; sourceTree = BUILT_PRODUCTS_DIR; };
		EACD1D4623D9329D00ECCDD5 /* AppDelegate.swift */ = {isa = PBXFileReference; lastKnownFileType = sourcecode.swift; path = AppDelegate.swift; sourceTree = "<group>"; };
		EACD1D4823D9329D00ECCDD5 /* SceneDelegate.swift */ = {isa = PBXFileReference; lastKnownFileType = sourcecode.swift; path = SceneDelegate.swift; sourceTree = "<group>"; };
		EACD1D4A23D9329D00ECCDD5 /* ViewController.swift */ = {isa = PBXFileReference; lastKnownFileType = sourcecode.swift; path = ViewController.swift; sourceTree = "<group>"; };
		EACD1D4D23D9329D00ECCDD5 /* Base */ = {isa = PBXFileReference; lastKnownFileType = file.storyboard; name = Base; path = Base.lproj/Main.storyboard; sourceTree = "<group>"; };
		EACD1D4F23D932A700ECCDD5 /* Assets.xcassets */ = {isa = PBXFileReference; lastKnownFileType = folder.assetcatalog; path = Assets.xcassets; sourceTree = "<group>"; };
		EACD1D5223D932A700ECCDD5 /* Base */ = {isa = PBXFileReference; lastKnownFileType = file.storyboard; name = Base; path = Base.lproj/LaunchScreen.storyboard; sourceTree = "<group>"; };
		EACD1D5423D932A700ECCDD5 /* Info.plist */ = {isa = PBXFileReference; lastKnownFileType = text.plist.xml; path = Info.plist; sourceTree = "<group>"; };
		EACD1D5923D932A700ECCDD5 /* Tip CalculatorTests.xctest */ = {isa = PBXFileReference; explicitFileType = wrapper.cfbundle; includeInIndex = 0; path = "Tip CalculatorTests.xctest"; sourceTree = BUILT_PRODUCTS_DIR; };
		EACD1D5D23D932A700ECCDD5 /* Tip_CalculatorTests.swift */ = {isa = PBXFileReference; lastKnownFileType = sourcecode.swift; path = Tip_CalculatorTests.swift; sourceTree = "<group>"; };
		EACD1D5F23D932A700ECCDD5 /* Info.plist */ = {isa = PBXFileReference; lastKnownFileType = text.plist.xml; path = Info.plist; sourceTree = "<group>"; };
		EACD1D6423D932A700ECCDD5 /* Tip CalculatorUITests.xctest */ = {isa = PBXFileReference; explicitFileType = wrapper.cfbundle; includeInIndex = 0; path = "Tip CalculatorUITests.xctest"; sourceTree = BUILT_PRODUCTS_DIR; };
		EACD1D6823D932A700ECCDD5 /* Tip_CalculatorUITests.swift */ = {isa = PBXFileReference; lastKnownFileType = sourcecode.swift; path = Tip_CalculatorUITests.swift; sourceTree = "<group>"; };
		EACD1D6A23D932A700ECCDD5 /* Info.plist */ = {isa = PBXFileReference; lastKnownFileType = text.plist.xml; path = Info.plist; sourceTree = "<group>"; };
/* End PBXFileReference section */

/* Begin PBXFrameworksBuildPhase section */
		EACD1D4023D9329D00ECCDD5 /* Frameworks */ = {
			isa = PBXFrameworksBuildPhase;
			buildActionMask = 2147483647;
			files = (
			);
			runOnlyForDeploymentPostprocessing = 0;
		};
		EACD1D5623D932A700ECCDD5 /* Frameworks */ = {
			isa = PBXFrameworksBuildPhase;
			buildActionMask = 2147483647;
			files = (
			);
			runOnlyForDeploymentPostprocessing = 0;
		};
		EACD1D6123D932A700ECCDD5 /* Frameworks */ = {
			isa = PBXFrameworksBuildPhase;
			buildActionMask = 2147483647;
			files = (
			);
			runOnlyForDeploymentPostprocessing = 0;
		};
/* End PBXFrameworksBuildPhase section */

/* Begin PBXGroup section */
		EACD1D3A23D9329C00ECCDD5 = {
			isa = PBXGroup;
			children = (
				EACD1D4523D9329D00ECCDD5 /* Tip Calculator */,
				EACD1D5C23D932A700ECCDD5 /* Tip CalculatorTests */,
				EACD1D6723D932A700ECCDD5 /* Tip CalculatorUITests */,
				EACD1D4423D9329D00ECCDD5 /* Products */,
			);
			sourceTree = "<group>";
		};
		EACD1D4423D9329D00ECCDD5 /* Products */ = {
			isa = PBXGroup;
			children = (
				EACD1D4323D9329D00ECCDD5 /* Tip Calculator.app */,
				EACD1D5923D932A700ECCDD5 /* Tip CalculatorTests.xctest */,
				EACD1D6423D932A700ECCDD5 /* Tip CalculatorUITests.xctest */,
			);
			name = Products;
			sourceTree = "<group>";
		};
		EACD1D4523D9329D00ECCDD5 /* Tip Calculator */ = {
			isa = PBXGroup;
			children = (
				EACD1D4623D9329D00ECCDD5 /* AppDelegate.swift */,
				EACD1D4823D9329D00ECCDD5 /* SceneDelegate.swift */,
				EACD1D4A23D9329D00ECCDD5 /* ViewController.swift */,
				512657432468B62B003367FE /* SettingsViewController.swift */,
				EACD1D4C23D9329D00ECCDD5 /* Main.storyboard */,
				EACD1D4F23D932A700ECCDD5 /* Assets.xcassets */,
				EACD1D5123D932A700ECCDD5 /* LaunchScreen.storyboard */,
				EACD1D5423D932A700ECCDD5 /* Info.plist */,
			);
			path = "Tip Calculator";
			sourceTree = "<group>";
		};
		EACD1D5C23D932A700ECCDD5 /* Tip CalculatorTests */ = {
			isa = PBXGroup;
			children = (
				EACD1D5D23D932A700ECCDD5 /* Tip_CalculatorTests.swift */,
				EACD1D5F23D932A700ECCDD5 /* Info.plist */,
			);
			path = "Tip CalculatorTests";
			sourceTree = "<group>";
		};
		EACD1D6723D932A700ECCDD5 /* Tip CalculatorUITests */ = {
			isa = PBXGroup;
			children = (
				EACD1D6823D932A700ECCDD5 /* Tip_CalculatorUITests.swift */,
				EACD1D6A23D932A700ECCDD5 /* Info.plist */,
			);
			path = "Tip CalculatorUITests";
			sourceTree = "<group>";
		};
/* End PBXGroup section */

/* Begin PBXNativeTarget section */
		EACD1D4223D9329D00ECCDD5 /* Tip Calculator */ = {
			isa = PBXNativeTarget;
			buildConfigurationList = EACD1D6D23D932A700ECCDD5 /* Build configuration list for PBXNativeTarget "Tip Calculator" */;
			buildPhases = (
				EACD1D3F23D9329D00ECCDD5 /* Sources */,
				EACD1D4023D9329D00ECCDD5 /* Frameworks */,
				EACD1D4123D9329D00ECCDD5 /* Resources */,
			);
			buildRules = (
			);
			dependencies = (
			);
			name = "Tip Calculator";
			productName = "Tip Calculator";
			productReference = EACD1D4323D9329D00ECCDD5 /* Tip Calculator.app */;
			productType = "com.apple.product-type.application";
		};
		EACD1D5823D932A700ECCDD5 /* Tip CalculatorTests */ = {
			isa = PBXNativeTarget;
			buildConfigurationList = EACD1D7023D932A700ECCDD5 /* Build configuration list for PBXNativeTarget "Tip CalculatorTests" */;
			buildPhases = (
				EACD1D5523D932A700ECCDD5 /* Sources */,
				EACD1D5623D932A700ECCDD5 /* Frameworks */,
				EACD1D5723D932A700ECCDD5 /* Resources */,
			);
			buildRules = (
			);
			dependencies = (
				EACD1D5B23D932A700ECCDD5 /* PBXTargetDependency */,
			);
			name = "Tip CalculatorTests";
			productName = "Tip CalculatorTests";
			productReference = EACD1D5923D932A700ECCDD5 /* Tip CalculatorTests.xctest */;
			productType = "com.apple.product-type.bundle.unit-test";
		};
		EACD1D6323D932A700ECCDD5 /* Tip CalculatorUITests */ = {
			isa = PBXNativeTarget;
			buildConfigurationList = EACD1D7323D932A700ECCDD5 /* Build configuration list for PBXNativeTarget "Tip CalculatorUITests" */;
			buildPhases = (
				EACD1D6023D932A700ECCDD5 /* Sources */,
				EACD1D6123D932A700ECCDD5 /* Frameworks */,
				EACD1D6223D932A700ECCDD5 /* Resources */,
			);
			buildRules = (
			);
			dependencies = (
				EACD1D6623D932A700ECCDD5 /* PBXTargetDependency */,
			);
			name = "Tip CalculatorUITests";
			productName = "Tip CalculatorUITests";
			productReference = EACD1D6423D932A700ECCDD5 /* Tip CalculatorUITests.xctest */;
			productType = "com.apple.product-type.bundle.ui-testing";
		};
/* End PBXNativeTarget section */

/* Begin PBXProject section */
		EACD1D3B23D9329C00ECCDD5 /* Project object */ = {
			isa = PBXProject;
			attributes = {
				LastSwiftUpdateCheck = 1130;
				LastUpgradeCheck = 1130;
				ORGANIZATIONNAME = Codepath;
				TargetAttributes = {
					EACD1D4223D9329D00ECCDD5 = {
						CreatedOnToolsVersion = 11.3.1;
					};
					EACD1D5823D932A700ECCDD5 = {
						CreatedOnToolsVersion = 11.3.1;
						TestTargetID = EACD1D4223D9329D00ECCDD5;
					};
					EACD1D6323D932A700ECCDD5 = {
						CreatedOnToolsVersion = 11.3.1;
						TestTargetID = EACD1D4223D9329D00ECCDD5;
					};
				};
			};
			buildConfigurationList = EACD1D3E23D9329C00ECCDD5 /* Build configuration list for PBXProject "Tip Calculator" */;
			compatibilityVersion = "Xcode 9.3";
			developmentRegion = en;
			hasScannedForEncodings = 0;
			knownRegions = (
				en,
				Base,
			);
			mainGroup = EACD1D3A23D9329C00ECCDD5;
			productRefGroup = EACD1D4423D9329D00ECCDD5 /* Products */;
			projectDirPath = "";
			projectRoot = "";
			targets = (
				EACD1D4223D9329D00ECCDD5 /* Tip Calculator */,
				EACD1D5823D932A700ECCDD5 /* Tip CalculatorTests */,
				EACD1D6323D932A700ECCDD5 /* Tip CalculatorUITests */,
			);
		};
/* End PBXProject section */

/* Begin PBXResourcesBuildPhase section */
		EACD1D4123D9329D00ECCDD5 /* Resources */ = {
			isa = PBXResourcesBuildPhase;
			buildActionMask = 2147483647;
			files = (
				EACD1D5323D932A700ECCDD5 /* LaunchScreen.storyboard in Resources */,
				EACD1D5023D932A700ECCDD5 /* Assets.xcassets in Resources */,
				EACD1D4E23D9329D00ECCDD5 /* Main.storyboard in Resources */,
			);
			runOnlyForDeploymentPostprocessing = 0;
		};
		EACD1D5723D932A700ECCDD5 /* Resources */ = {
			isa = PBXResourcesBuildPhase;
			buildActionMask = 2147483647;
			files = (
			);
			runOnlyForDeploymentPostprocessing = 0;
		};
		EACD1D6223D932A700ECCDD5 /* Resources */ = {
			isa = PBXResourcesBuildPhase;
			buildActionMask = 2147483647;
			files = (
			);
			runOnlyForDeploymentPostprocessing = 0;
		};
/* End PBXResourcesBuildPhase section */

/* Begin PBXSourcesBuildPhase section */
		EACD1D3F23D9329D00ECCDD5 /* Sources */ = {
			isa = PBXSourcesBuildPhase;
			buildActionMask = 2147483647;
			files = (
				EACD1D4B23D9329D00ECCDD5 /* ViewController.swift in Sources */,
				EACD1D4723D9329D00ECCDD5 /* AppDelegate.swift in Sources */,
				EACD1D4923D9329D00ECCDD5 /* SceneDelegate.swift in Sources */,
				512657442468B62B003367FE /* SettingsViewController.swift in Sources */,
			);
			runOnlyForDeploymentPostprocessing = 0;
		};
		EACD1D5523D932A700ECCDD5 /* Sources */ = {
			isa = PBXSourcesBuildPhase;
			buildActionMask = 2147483647;
			files = (
				EACD1D5E23D932A700ECCDD5 /* Tip_CalculatorTests.swift in Sources */,
			);
			runOnlyForDeploymentPostprocessing = 0;
		};
		EACD1D6023D932A700ECCDD5 /* Sources */ = {
			isa = PBXSourcesBuildPhase;
			buildActionMask = 2147483647;
			files = (
				EACD1D6923D932A700ECCDD5 /* Tip_CalculatorUITests.swift in Sources */,
			);
			runOnlyForDeploymentPostprocessing = 0;
		};
/* End PBXSourcesBuildPhase section */

/* Begin PBXTargetDependency section */
		EACD1D5B23D932A700ECCDD5 /* PBXTargetDependency */ = {
			isa = PBXTargetDependency;
			target = EACD1D4223D9329D00ECCDD5 /* Tip Calculator */;
			targetProxy = EACD1D5A23D932A700ECCDD5 /* PBXContainerItemProxy */;
		};
		EACD1D6623D932A700ECCDD5 /* PBXTargetDependency */ = {
			isa = PBXTargetDependency;
			target = EACD1D4223D9329D00ECCDD5 /* Tip Calculator */;
			targetProxy = EACD1D6523D932A700ECCDD5 /* PBXContainerItemProxy */;
		};
/* End PBXTargetDependency section */

/* Begin PBXVariantGroup section */
		EACD1D4C23D9329D00ECCDD5 /* Main.storyboard */ = {
			isa = PBXVariantGroup;
			children = (
				EACD1D4D23D9329D00ECCDD5 /* Base */,
			);
			name = Main.storyboard;
			sourceTree = "<group>";
		};
		EACD1D5123D932A700ECCDD5 /* LaunchScreen.storyboard */ = {
			isa = PBXVariantGroup;
			children = (
				EACD1D5223D932A700ECCDD5 /* Base */,
			);
			name = LaunchScreen.storyboard;
			sourceTree = "<group>";
		};
/* End PBXVariantGroup section */

/* Begin XCBuildConfiguration section */
		EACD1D6B23D932A700ECCDD5 /* Debug */ = {
			isa = XCBuildConfiguration;
			buildSettings = {
				ALWAYS_SEARCH_USER_PATHS = NO;
				CLANG_ANALYZER_NONNULL = YES;
				CLANG_ANALYZER_NUMBER_OBJECT_CONVERSION = YES_AGGRESSIVE;
				CLANG_CXX_LANGUAGE_STANDARD = "gnu++14";
				CLANG_CXX_LIBRARY = "libc++";
				CLANG_ENABLE_MODULES = YES;
				CLANG_ENABLE_OBJC_ARC = YES;
				CLANG_ENABLE_OBJC_WEAK = YES;
				CLANG_WARN_BLOCK_CAPTURE_AUTORELEASING = YES;
				CLANG_WARN_BOOL_CONVERSION = YES;
				CLANG_WARN_COMMA = YES;
				CLANG_WARN_CONSTANT_CONVERSION = YES;
				CLANG_WARN_DEPRECATED_OBJC_IMPLEMENTATIONS = YES;
				CLANG_WARN_DIRECT_OBJC_ISA_USAGE = YES_ERROR;
				CLANG_WARN_DOCUMENTATION_COMMENTS = YES;
				CLANG_WARN_EMPTY_BODY = YES;
				CLANG_WARN_ENUM_CONVERSION = YES;
				CLANG_WARN_INFINITE_RECURSION = YES;
				CLANG_WARN_INT_CONVERSION = YES;
				CLANG_WARN_NON_LITERAL_NULL_CONVERSION = YES;
				CLANG_WARN_OBJC_IMPLICIT_RETAIN_SELF = YES;
				CLANG_WARN_OBJC_LITERAL_CONVERSION = YES;
				CLANG_WARN_OBJC_ROOT_CLASS = YES_ERROR;
				CLANG_WARN_RANGE_LOOP_ANALYSIS = YES;
				CLANG_WARN_STRICT_PROTOTYPES = YES;
				CLANG_WARN_SUSPICIOUS_MOVE = YES;
				CLANG_WARN_UNGUARDED_AVAILABILITY = YES_AGGRESSIVE;
				CLANG_WARN_UNREACHABLE_CODE = YES;
				CLANG_WARN__DUPLICATE_METHOD_MATCH = YES;
				COPY_PHASE_STRIP = NO;
				DEBUG_INFORMATION_FORMAT = dwarf;
				ENABLE_STRICT_OBJC_MSGSEND = YES;
				ENABLE_TESTABILITY = YES;
				GCC_C_LANGUAGE_STANDARD = gnu11;
				GCC_DYNAMIC_NO_PIC = NO;
				GCC_NO_COMMON_BLOCKS = YES;
				GCC_OPTIMIZATION_LEVEL = 0;
				GCC_PREPROCESSOR_DEFINITIONS = (
					"DEBUG=1",
					"$(inherited)",
				);
				GCC_WARN_64_TO_32_BIT_CONVERSION = YES;
				GCC_WARN_ABOUT_RETURN_TYPE = YES_ERROR;
				GCC_WARN_UNDECLARED_SELECTOR = YES;
				GCC_WARN_UNINITIALIZED_AUTOS = YES_AGGRESSIVE;
				GCC_WARN_UNUSED_FUNCTION = YES;
				GCC_WARN_UNUSED_VARIABLE = YES;
				IPHONEOS_DEPLOYMENT_TARGET = 13.2;
				MTL_ENABLE_DEBUG_INFO = INCLUDE_SOURCE;
				MTL_FAST_MATH = YES;
				ONLY_ACTIVE_ARCH = YES;
				SDKROOT = iphoneos;
				SWIFT_ACTIVE_COMPILATION_CONDITIONS = DEBUG;
				SWIFT_OPTIMIZATION_LEVEL = "-Onone";
			};
			name = Debug;
		};
		EACD1D6C23D932A700ECCDD5 /* Release */ = {
			isa = XCBuildConfiguration;
			buildSettings = {
				ALWAYS_SEARCH_USER_PATHS = NO;
				CLANG_ANALYZER_NONNULL = YES;
				CLANG_ANALYZER_NUMBER_OBJECT_CONVERSION = YES_AGGRESSIVE;
				CLANG_CXX_LANGUAGE_STANDARD = "gnu++14";
				CLANG_CXX_LIBRARY = "libc++";
				CLANG_ENABLE_MODULES = YES;
				CLANG_ENABLE_OBJC_ARC = YES;
				CLANG_ENABLE_OBJC_WEAK = YES;
				CLANG_WARN_BLOCK_CAPTURE_AUTORELEASING = YES;
				CLANG_WARN_BOOL_CONVERSION = YES;
				CLANG_WARN_COMMA = YES;
				CLANG_WARN_CONSTANT_CONVERSION = YES;
				CLANG_WARN_DEPRECATED_OBJC_IMPLEMENTATIONS = YES;
				CLANG_WARN_DIRECT_OBJC_ISA_USAGE = YES_ERROR;
				CLANG_WARN_DOCUMENTATION_COMMENTS = YES;
				CLANG_WARN_EMPTY_BODY = YES;
				CLANG_WARN_ENUM_CONVERSION = YES;
				CLANG_WARN_INFINITE_RECURSION = YES;
				CLANG_WARN_INT_CONVERSION = YES;
				CLANG_WARN_NON_LITERAL_NULL_CONVERSION = YES;
				CLANG_WARN_OBJC_IMPLICIT_RETAIN_SELF = YES;
				CLANG_WARN_OBJC_LITERAL_CONVERSION = YES;
				CLANG_WARN_OBJC_ROOT_CLASS = YES_ERROR;
				CLANG_WARN_RANGE_LOOP_ANALYSIS = YES;
				CLANG_WARN_STRICT_PROTOTYPES = YES;
				CLANG_WARN_SUSPICIOUS_MOVE = YES;
				CLANG_WARN_UNGUARDED_AVAILABILITY = YES_AGGRESSIVE;
				CLANG_WARN_UNREACHABLE_CODE = YES;
				CLANG_WARN__DUPLICATE_METHOD_MATCH = YES;
				COPY_PHASE_STRIP = NO;
				DEBUG_INFORMATION_FORMAT = "dwarf-with-dsym";
				ENABLE_NS_ASSERTIONS = NO;
				ENABLE_STRICT_OBJC_MSGSEND = YES;
				GCC_C_LANGUAGE_STANDARD = gnu11;
				GCC_NO_COMMON_BLOCKS = YES;
				GCC_WARN_64_TO_32_BIT_CONVERSION = YES;
				GCC_WARN_ABOUT_RETURN_TYPE = YES_ERROR;
				GCC_WARN_UNDECLARED_SELECTOR = YES;
				GCC_WARN_UNINITIALIZED_AUTOS = YES_AGGRESSIVE;
				GCC_WARN_UNUSED_FUNCTION = YES;
				GCC_WARN_UNUSED_VARIABLE = YES;
				IPHONEOS_DEPLOYMENT_TARGET = 13.2;
				MTL_ENABLE_DEBUG_INFO = NO;
				MTL_FAST_MATH = YES;
				SDKROOT = iphoneos;
				SWIFT_COMPILATION_MODE = wholemodule;
				SWIFT_OPTIMIZATION_LEVEL = "-O";
				VALIDATE_PRODUCT = YES;
			};
			name = Release;
		};
		EACD1D6E23D932A700ECCDD5 /* Debug */ = {
			isa = XCBuildConfiguration;
			buildSettings = {
				ASSETCATALOG_COMPILER_APPICON_NAME = AppIcon;
				CODE_SIGN_STYLE = Automatic;
				INFOPLIST_FILE = "Tip Calculator/Info.plist";
				LD_RUNPATH_SEARCH_PATHS = (
					"$(inherited)",
					"@executable_path/Frameworks",
				);
				PRODUCT_BUNDLE_IDENTIFIER = "PriyaPahal.Tip-Calculator";
				PRODUCT_NAME = "$(TARGET_NAME)";
				SWIFT_VERSION = 5.0;
				TARGETED_DEVICE_FAMILY = "1,2";
			};
			name = Debug;
		};
		EACD1D6F23D932A700ECCDD5 /* Release */ = {
			isa = XCBuildConfiguration;
			buildSettings = {
				ASSETCATALOG_COMPILER_APPICON_NAME = AppIcon;
				CODE_SIGN_STYLE = Automatic;
				INFOPLIST_FILE = "Tip Calculator/Info.plist";
				LD_RUNPATH_SEARCH_PATHS = (
					"$(inherited)",
					"@executable_path/Frameworks",
				);
				PRODUCT_BUNDLE_IDENTIFIER = "PriyaPahal.Tip-Calculator";
				PRODUCT_NAME = "$(TARGET_NAME)";
				SWIFT_VERSION = 5.0;
				TARGETED_DEVICE_FAMILY = "1,2";
			};
			name = Release;
		};
		EACD1D7123D932A700ECCDD5 /* Debug */ = {
			isa = XCBuildConfiguration;
			buildSettings = {
				ALWAYS_EMBED_SWIFT_STANDARD_LIBRARIES = YES;
				BUNDLE_LOADER = "$(TEST_HOST)";
				CODE_SIGN_STYLE = Automatic;
				INFOPLIST_FILE = "Tip CalculatorTests/Info.plist";
				IPHONEOS_DEPLOYMENT_TARGET = 13.2;
				LD_RUNPATH_SEARCH_PATHS = (
					"$(inherited)",
					"@executable_path/Frameworks",
					"@loader_path/Frameworks",
				);
				PRODUCT_BUNDLE_IDENTIFIER = "PriyaPahal.Tip-CalculatorTests";
				PRODUCT_NAME = "$(TARGET_NAME)";
				SWIFT_VERSION = 5.0;
				TARGETED_DEVICE_FAMILY = "1,2";
				TEST_HOST = "$(BUILT_PRODUCTS_DIR)/Tip Calculator.app/Tip Calculator";
			};
			name = Debug;
		};
		EACD1D7223D932A700ECCDD5 /* Release */ = {
			isa = XCBuildConfiguration;
			buildSettings = {
				ALWAYS_EMBED_SWIFT_STANDARD_LIBRARIES = YES;
				BUNDLE_LOADER = "$(TEST_HOST)";
				CODE_SIGN_STYLE = Automatic;
				INFOPLIST_FILE = "Tip CalculatorTests/Info.plist";
				IPHONEOS_DEPLOYMENT_TARGET = 13.2;
				LD_RUNPATH_SEARCH_PATHS = (
					"$(inherited)",
					"@executable_path/Frameworks",
					"@loader_path/Frameworks",
				);
				PRODUCT_BUNDLE_IDENTIFIER = "PriyaPahal.Tip-CalculatorTests";
				PRODUCT_NAME = "$(TARGET_NAME)";
				SWIFT_VERSION = 5.0;
				TARGETED_DEVICE_FAMILY = "1,2";
				TEST_HOST = "$(BUILT_PRODUCTS_DIR)/Tip Calculator.app/Tip Calculator";
			};
			name = Release;
		};
		EACD1D7423D932A700ECCDD5 /* Debug */ = {
			isa = XCBuildConfiguration;
			buildSettings = {
				ALWAYS_EMBED_SWIFT_STANDARD_LIBRARIES = YES;
				CODE_SIGN_STYLE = Automatic;
				INFOPLIST_FILE = "Tip CalculatorUITests/Info.plist";
				LD_RUNPATH_SEARCH_PATHS = (
					"$(inherited)",
					"@executable_path/Frameworks",
					"@loader_path/Frameworks",
				);
				PRODUCT_BUNDLE_IDENTIFIER = "PriyaPahal.Tip-CalculatorUITests";
				PRODUCT_NAME = "$(TARGET_NAME)";
				SWIFT_VERSION = 5.0;
				TARGETED_DEVICE_FAMILY = "1,2";
				TEST_TARGET_NAME = "Tip Calculator";
			};
			name = Debug;
		};
		EACD1D7523D932A700ECCDD5 /* Release */ = {
			isa = XCBuildConfiguration;
			buildSettings = {
				ALWAYS_EMBED_SWIFT_STANDARD_LIBRARIES = YES;
				CODE_SIGN_STYLE = Automatic;
				INFOPLIST_FILE = "Tip CalculatorUITests/Info.plist";
				LD_RUNPATH_SEARCH_PATHS = (
					"$(inherited)",
					"@executable_path/Frameworks",
					"@loader_path/Frameworks",
				);
				PRODUCT_BUNDLE_IDENTIFIER = "PriyaPahal.Tip-CalculatorUITests";
				PRODUCT_NAME = "$(TARGET_NAME)";
				SWIFT_VERSION = 5.0;
				TARGETED_DEVICE_FAMILY = "1,2";
				TEST_TARGET_NAME = "Tip Calculator";
			};
			name = Release;
		};
/* End XCBuildConfiguration section */

/* Begin XCConfigurationList section */
		EACD1D3E23D9329C00ECCDD5 /* Build configuration list for PBXProject "Tip Calculator" */ = {
			isa = XCConfigurationList;
			buildConfigurations = (
				EACD1D6B23D932A700ECCDD5 /* Debug */,
				EACD1D6C23D932A700ECCDD5 /* Release */,
			);
			defaultConfigurationIsVisible = 0;
			defaultConfigurationName = Release;
		};
		EACD1D6D23D932A700ECCDD5 /* Build configuration list for PBXNativeTarget "Tip Calculator" */ = {
			isa = XCConfigurationList;
			buildConfigurations = (
				EACD1D6E23D932A700ECCDD5 /* Debug */,
				EACD1D6F23D932A700ECCDD5 /* Release */,
			);
			defaultConfigurationIsVisible = 0;
			defaultConfigurationName = Release;
		};
		EACD1D7023D932A700ECCDD5 /* Build configuration list for PBXNativeTarget "Tip CalculatorTests" */ = {
			isa = XCConfigurationList;
			buildConfigurations = (
				EACD1D7123D932A700ECCDD5 /* Debug */,
				EACD1D7223D932A700ECCDD5 /* Release */,
			);
			defaultConfigurationIsVisible = 0;
			defaultConfigurationName = Release;
		};
		EACD1D7323D932A700ECCDD5 /* Build configuration list for PBXNativeTarget "Tip CalculatorUITests" */ = {
			isa = XCConfigurationList;
			buildConfigurations = (
				EACD1D7423D932A700ECCDD5 /* Debug */,
				EACD1D7523D932A700ECCDD5 /* Release */,
			);
			defaultConfigurationIsVisible = 0;
			defaultConfigurationName = Release;
		};
/* End XCConfigurationList section */
	};
	rootObject = EACD1D3B23D9329C00ECCDD5 /* Project object */;
}
